{
  "originHash" : "f44e395c044f2a985cd8cd425cdd6f4bed462615b1e313cfa0393130b357d24d",
  "pins" : [
    {
      "identity" : "chordproshared",
      "kind" : "remoteSourceControl",
      "location" : "https://github.com/Desbeers/ChordProShared",
      "state" : {
        "branch" : "main",
        "revision" : "b6d6590d276beb00a8be152c05ae0080892484b8"
      }
    }
  ],
  "version" : 3
}
